
Microsoft Visual Studio Solution File, Format Version 12.00
# Visual Studio 14
VisualStudioVersion = 14.0.25420.1
MinimumVisualStudioVersion = 10.0.40219.1
Project("{FAE04EC0-301F-11D3-BF4B-00C04F79EFBC}") = "TravelMate.Models", "Src\TravelMate.Models\TravelMate.Models.csproj", "{3155755F-E724-421F-9DA9-A92DF67D1CB7}"
EndProject
Project("{FAE04EC0-301F-11D3-BF4B-00C04F79EFBC}") = "TravelMate.Data", "Src\TravelMate.Data\TravelMate.Data.csproj", "{2B1064BB-B7B5-4BB3-9750-5B05B9C77011}"
EndProject
Global
	GlobalSection(SolutionConfigurationPlatforms) = preSolution
		Debug|Any CPU = Debug|Any CPU
		Release|Any CPU = Release|Any CPU
	EndGlobalSection
	GlobalSection(ProjectConfigurationPlatforms) = postSolution
		{3155755F-E724-421F-9DA9-A92DF67D1CB7}.Debug|Any CPU.ActiveCfg = Debug|Any CPU
		{3155755F-E724-421F-9DA9-A92DF67D1CB7}.Debug|Any CPU.Build.0 = Debug|Any CPU
		{3155755F-E724-421F-9DA9-A92DF67D1CB7}.Release|Any CPU.ActiveCfg = Release|Any CPU
		{3155755F-E724-421F-9DA9-A92DF67D1CB7}.Release|Any CPU.Build.0 = Release|Any CPU
		{2B1064BB-B7B5-4BB3-9750-5B05B9C77011}.Debug|Any CPU.ActiveCfg = Debug|Any CPU
		{2B1064BB-B7B5-4BB3-9750-5B05B9C77011}.Debug|Any CPU.Build.0 = Debug|Any CPU
		{2B1064BB-B7B5-4BB3-9750-5B05B9C77011}.Release|Any CPU.ActiveCfg = Release|Any CPU
		{2B1064BB-B7B5-4BB3-9750-5B05B9C77011}.Release|Any CPU.Build.0 = Release|Any CPU
	EndGlobalSection
	GlobalSection(SolutionProperties) = preSolution
		HideSolutionNode = FALSE
	EndGlobalSection
EndGlobal
